
Microsoft Visual Studio Solution File, Format Version 12.00
# Visual Studio Version 16
VisualStudioVersion = 16.0.30320.27
MinimumVisualStudioVersion = 10.0.40219.1
Project("{FAE04EC0-301F-11D3-BF4B-00C04F79EFBC}") = "csharp-example", "csharp-example\csharp-example.csproj", "{F40F51C6-E6E0-4C1D-B9F0-3817940FECE8}"
EndProject
Global
	GlobalSection(SolutionConfigurationPlatforms) = preSolution
		Debug|Any CPU = Debug|Any CPU
		Release|Any CPU = Release|Any CPU
	EndGlobalSection
	GlobalSection(ProjectConfigurationPlatforms) = postSolution
		{F40F51C6-E6E0-4C1D-B9F0-3817940FECE8}.Debug|Any CPU.ActiveCfg = Debug|Any CPU
		{F40F51C6-E6E0-4C1D-B9F0-3817940FECE8}.Debug|Any CPU.Build.0 = Debug|Any CPU
		{F40F51C6-E6E0-4C1D-B9F0-3817940FECE8}.Release|Any CPU.ActiveCfg = Release|Any CPU
		{F40F51C6-E6E0-4C1D-B9F0-3817940FECE8}.Release|Any CPU.Build.0 = Release|Any CPU
	EndGlobalSection
	GlobalSection(SolutionProperties) = preSolution
		HideSolutionNode = FALSE
	EndGlobalSection
	GlobalSection(ExtensibilityGlobals) = postSolution
		SolutionGuid = {747FEF2B-3F05-4FB7-86A0-F11F84F8EE83}
	EndGlobalSection
EndGlobal
